{
  "projects": [
    {
      "projectId": "58GpZjZCWTaJ8AUhpCwt2K",
      "version": "3.0.0",
      "dependencies": {},
      "lang": "ts",
      "fileLocks": [
        {
          "assetId": "58GpZjZCWTaJ8AUhpCwt2K",
          "type": "projectCss",
          "checksum": "b27497b6e230101d0406d7c74a2c950a"
        }
      ],
      "codegenVersion": "0.0.1"
    },
    {
      "projectId": "enk3K4vZ6pmH6kVCoZJXGn",
      "version": "4.0.0",
      "dependencies": {},
      "lang": "ts",
      "fileLocks": [
        {
          "assetId": "enk3K4vZ6pmH6kVCoZJXGn",
          "type": "projectCss",
          "checksum": "91f5a3fc72d6d8043e2591147ae6a0fc"
        }
      ],
      "codegenVersion": "0.0.1"
    },
    {
      "projectId": "caTPwKxj5ZrD9LQ7DMdK4Z",
      "version": "3.0.0",
      "dependencies": {},
      "lang": "ts",
      "fileLocks": [
        {
          "assetId": "caTPwKxj5ZrD9LQ7DMdK4Z",
          "type": "projectCss",
          "checksum": "748c2db198285121f5dad63414f1fabb"
        }
      ],
      "codegenVersion": "0.0.1"
    },
    {
      "projectId": "kNn551YTznMMb4YQ5Km9SL",
      "version": "latest",
      "dependencies": {
        "caTPwKxj5ZrD9LQ7DMdK4Z": "3.0.0",
        "enk3K4vZ6pmH6kVCoZJXGn": "4.0.0",
        "58GpZjZCWTaJ8AUhpCwt2K": "3.0.0"
      },
      "lang": "ts",
      "fileLocks": [
        {
          "type": "globalVariant",
          "assetId": "tMxE3T6K3hVTc",
          "checksum": "10a9ba0452b9fba17c8332966fe00590"
        },
        {
          "assetId": "kNn551YTznMMb4YQ5Km9SL",
          "type": "projectCss",
          "checksum": "3aabce7f257eee52cece67954d6a08b2"
        },
        {
          "type": "renderModule",
          "assetId": "7xNG3XR7jCb",
          "checksum": "28eb0641d499cc8c67b0cb6ad9fe2ebe"
        },
        {
          "type": "cssRules",
          "assetId": "7xNG3XR7jCb",
          "checksum": "28eb0641d499cc8c67b0cb6ad9fe2ebe"
        },
        {
          "type": "renderModule",
          "assetId": "a_YEv4Yjy9",
          "checksum": "40c68c8eee8cb1fde630e60cc3e6653e"
        },
        {
          "type": "cssRules",
          "assetId": "a_YEv4Yjy9",
          "checksum": "40c68c8eee8cb1fde630e60cc3e6653e"
        },
        {
          "type": "renderModule",
          "assetId": "gH3EV4Ctbq",
          "checksum": "24337d7b1685da5d0d43cc528151fee1"
        },
        {
          "type": "cssRules",
          "assetId": "gH3EV4Ctbq",
          "checksum": "24337d7b1685da5d0d43cc528151fee1"
        },
        {
          "type": "renderModule",
          "assetId": "hBd3Vb3fE0",
          "checksum": "1c383024d70305e6f1360b9ccc179009"
        },
        {
          "type": "cssRules",
          "assetId": "hBd3Vb3fE0",
          "checksum": "1c383024d70305e6f1360b9ccc179009"
        },
        {
          "type": "renderModule",
          "assetId": "G6lRS0IjOl",
          "checksum": "a25640614372da57a7d22ba730f0b28c"
        },
        {
          "type": "cssRules",
          "assetId": "G6lRS0IjOl",
          "checksum": "a25640614372da57a7d22ba730f0b28c"
        },
        {
          "type": "renderModule",
          "assetId": "M4wE8V6tAL",
          "checksum": "085b864ff08e0858833d8d1223d646c4"
        },
        {
          "type": "cssRules",
          "assetId": "M4wE8V6tAL",
          "checksum": "085b864ff08e0858833d8d1223d646c4"
        },
        {
          "type": "renderModule",
          "assetId": "W5WKNW8cZx",
          "checksum": "23295043870f158d2bccfc9ca4c51848"
        },
        {
          "type": "cssRules",
          "assetId": "W5WKNW8cZx",
          "checksum": "23295043870f158d2bccfc9ca4c51848"
        },
        {
          "type": "renderModule",
          "assetId": "cRYxED96e4",
          "checksum": "a78d881313660ee0f14b3c7bf5a6d26c"
        },
        {
          "type": "cssRules",
          "assetId": "cRYxED96e4",
          "checksum": "a78d881313660ee0f14b3c7bf5a6d26c"
        },
        {
          "type": "renderModule",
          "assetId": "cRijL80w95",
          "checksum": "5750f6f0a22c1d4d23d22762874ed877"
        },
        {
          "type": "cssRules",
          "assetId": "cRijL80w95",
          "checksum": "5750f6f0a22c1d4d23d22762874ed877"
        },
        {
          "type": "renderModule",
          "assetId": "DTJ6W9SecA",
          "checksum": "2d3102206a22fb8c2154c0a8ae75b329"
        },
        {
          "type": "cssRules",
          "assetId": "DTJ6W9SecA",
          "checksum": "2d3102206a22fb8c2154c0a8ae75b329"
        },
        {
          "type": "renderModule",
          "assetId": "0n0Rs_PNMQ",
          "checksum": "cffac059301ab253b3e5a28b17e43431"
        },
        {
          "type": "cssRules",
          "assetId": "0n0Rs_PNMQ",
          "checksum": "cffac059301ab253b3e5a28b17e43431"
        },
        {
          "type": "renderModule",
          "assetId": "7uS8pzFNyFU",
          "checksum": "c0f5c816cfe133a19bbb73730289b4b2"
        },
        {
          "type": "cssRules",
          "assetId": "7uS8pzFNyFU",
          "checksum": "c0f5c816cfe133a19bbb73730289b4b2"
        },
        {
          "type": "renderModule",
          "assetId": "6qmOshEjo5",
          "checksum": "032e8812b271df645639caa8652dbe4e"
        },
        {
          "type": "cssRules",
          "assetId": "6qmOshEjo5",
          "checksum": "032e8812b271df645639caa8652dbe4e"
        },
        {
          "type": "renderModule",
          "assetId": "OCx-SAlaa8",
          "checksum": "e9ea75d393be52f2bc1e7da0867be876"
        },
        {
          "type": "cssRules",
          "assetId": "OCx-SAlaa8",
          "checksum": "e9ea75d393be52f2bc1e7da0867be876"
        },
        {
          "type": "renderModule",
          "assetId": "XeBU58o0EdW",
          "checksum": "d62707ee4bf8f84192e61743ff12c8b9"
        },
        {
          "type": "cssRules",
          "assetId": "XeBU58o0EdW",
          "checksum": "d62707ee4bf8f84192e61743ff12c8b9"
        },
        {
          "type": "renderModule",
          "assetId": "hSlx8BYJM0P",
          "checksum": "93df8d94d87de7d8980553df5a24fad2"
        },
        {
          "type": "cssRules",
          "assetId": "hSlx8BYJM0P",
          "checksum": "93df8d94d87de7d8980553df5a24fad2"
        },
        {
          "type": "renderModule",
          "assetId": "GmqYdgPERd4",
          "checksum": "6d864c51d147ba7b7ecc2fee42f9c9a4"
        },
        {
          "type": "cssRules",
          "assetId": "GmqYdgPERd4",
          "checksum": "6d864c51d147ba7b7ecc2fee42f9c9a4"
        },
        {
          "type": "renderModule",
          "assetId": "pw-TYySpclB",
          "checksum": "08d1edd1bf4cfdb57611b86f1d2b146c"
        },
        {
          "type": "cssRules",
          "assetId": "pw-TYySpclB",
          "checksum": "08d1edd1bf4cfdb57611b86f1d2b146c"
        },
        {
          "type": "renderModule",
          "assetId": "MEOYEA23cnv",
          "checksum": "7ea5807c851898401afdeb2ad84d19f9"
        },
        {
          "type": "cssRules",
          "assetId": "MEOYEA23cnv",
          "checksum": "7ea5807c851898401afdeb2ad84d19f9"
        },
        {
          "type": "renderModule",
          "assetId": "vDNSJ6umd6G",
          "checksum": "343d7595b2c5a1e83a03214b25c109db"
        },
        {
          "type": "cssRules",
          "assetId": "vDNSJ6umd6G",
          "checksum": "343d7595b2c5a1e83a03214b25c109db"
        },
        {
          "type": "renderModule",
          "assetId": "hglMEIPeKot",
          "checksum": "9a1156a194a0785392393871e0f04486"
        },
        {
          "type": "cssRules",
          "assetId": "hglMEIPeKot",
          "checksum": "9a1156a194a0785392393871e0f04486"
        },
        {
          "type": "renderModule",
          "assetId": "m_r1hJJL7_i",
          "checksum": "42e4b841e3ed0a8b14a9126f16f10e1b"
        },
        {
          "type": "cssRules",
          "assetId": "m_r1hJJL7_i",
          "checksum": "42e4b841e3ed0a8b14a9126f16f10e1b"
        },
        {
          "type": "renderModule",
          "assetId": "OFTsaRuYseL",
          "checksum": "5a6de3c3c268453a8abc417d273001a9"
        },
        {
          "type": "cssRules",
          "assetId": "OFTsaRuYseL",
          "checksum": "5a6de3c3c268453a8abc417d273001a9"
        },
        {
          "type": "renderModule",
          "assetId": "mctcH_Q0eRy",
          "checksum": "80aa1b0f29b6468ca03897136bdd8926"
        },
        {
          "type": "cssRules",
          "assetId": "mctcH_Q0eRy",
          "checksum": "80aa1b0f29b6468ca03897136bdd8926"
        },
        {
          "type": "renderModule",
          "assetId": "i9_r5y-8v00",
          "checksum": "4e5b14b3d9aa79175579dbda96fb8e1a"
        },
        {
          "type": "cssRules",
          "assetId": "i9_r5y-8v00",
          "checksum": "4e5b14b3d9aa79175579dbda96fb8e1a"
        },
        {
          "type": "renderModule",
          "assetId": "cujKE0O2sJ_",
          "checksum": "5d084c3d84a1aadb5e065f6cc35e4c49"
        },
        {
          "type": "cssRules",
          "assetId": "cujKE0O2sJ_",
          "checksum": "5d084c3d84a1aadb5e065f6cc35e4c49"
        },
        {
          "type": "renderModule",
          "assetId": "0bnbLRoEcym",
          "checksum": "2c7529ca809d50ab3056e30f6998326f"
        },
        {
          "type": "cssRules",
          "assetId": "0bnbLRoEcym",
          "checksum": "2c7529ca809d50ab3056e30f6998326f"
        },
        {
          "type": "icon",
          "assetId": "OHBA4UQkRKWns",
          "checksum": "26f0ce727fd941e6c54fe9b6a312a98d"
        },
        {
          "type": "icon",
          "assetId": "Aw0BdAoj8FM89",
          "checksum": "05f623adb648e04d7acc0cdf2922e63d"
        },
        {
          "type": "icon",
          "assetId": "iG22nYJYy3C",
          "checksum": "b42c3baf106a75b392982ae1ef8515dc"
        },
        {
          "type": "icon",
          "assetId": "45mhSrhfGtS",
          "checksum": "93a01e47742eb2a2545d55fcb21fe469"
        },
        {
          "type": "icon",
          "assetId": "8rOPfFO-swj",
          "checksum": "a5db89a0771e7678b0b414d192cfa6fe"
        },
        {
          "type": "icon",
          "assetId": "Vh2zlQttG0",
          "checksum": "93f5914c4575b113ae2163dd9fc3a27f"
        },
        {
          "type": "icon",
          "assetId": "t4L237iQGP",
          "checksum": "3c8eb21b59c400d673d5a603f4b76fac"
        },
        {
          "type": "icon",
          "assetId": "bTJmVVZdKb",
          "checksum": "47a9e1065495ba40b046e1f2cec22268"
        },
        {
          "type": "icon",
          "assetId": "_3-obvAB5h",
          "checksum": "69761ce9e36b3c6b72148fc5f6004046"
        },
        {
          "type": "icon",
          "assetId": "I7TTB1cEPw",
          "checksum": "a8f49e4fdff01cc136e4a22e426f8784"
        },
        {
          "type": "icon",
          "assetId": "whhtE1Jat5",
          "checksum": "6ed25b5dd5dc26dfdf91dc5a4e605d4a"
        },
        {
          "type": "icon",
          "assetId": "zKYdOOsQk",
          "checksum": "a4a024e4f9782879cc6f4c1bd7e55a60"
        },
        {
          "type": "icon",
          "assetId": "aMdYcm3Rw",
          "checksum": "77822e6c3ce599dcc02c5fae9dd80a18"
        },
        {
          "type": "icon",
          "assetId": "Tndwge9-a8",
          "checksum": "a7c208b5fbb866f31595a9bd5f205bc1"
        },
        {
          "type": "icon",
          "assetId": "PlpKEBwBOn",
          "checksum": "f3f17be74be7e12ccf596e4201c615ff"
        },
        {
          "type": "icon",
          "assetId": "mMOeKBOM7U",
          "checksum": "d07602cb1c2941c5518af1daa9de51d2"
        },
        {
          "type": "icon",
          "assetId": "eS6WORcTZF",
          "checksum": "20e1a77f71e9cd797b3a696bd5c1df65"
        },
        {
          "type": "icon",
          "assetId": "er5WgvmvAD",
          "checksum": "6918780162080a0d68ef23623044e1d6"
        },
        {
          "type": "icon",
          "assetId": "xQG58KZRvD",
          "checksum": "17b792219c6e2dd3da4bac028451ba29"
        },
        {
          "type": "icon",
          "assetId": "ApVFX1Nq6p",
          "checksum": "9df0875b6e2435c9b3e9ab3587429b77"
        },
        {
          "type": "icon",
          "assetId": "oSsufg0_GV",
          "checksum": "6dcd82f3b302ba9b63029f5f30299359"
        },
        {
          "type": "icon",
          "assetId": "BVjv3Op1S",
          "checksum": "f0d0611c93cef5fbb789469ba80bb8aa"
        },
        {
          "type": "icon",
          "assetId": "-1dlLAmHP",
          "checksum": "6706605df48e855926d42cfa2409656e"
        },
        {
          "type": "image",
          "assetId": "-Ov7zb_zlK8JE",
          "checksum": "dd68045c4ae439a0d89a2ec5ce49889a"
        },
        {
          "type": "image",
          "assetId": "KfgRsIqec",
          "checksum": "af5f290cd1bf4738ef1e7c9facba3b1c"
        },
        {
          "type": "image",
          "assetId": "Z5eqNZK8r",
          "checksum": "59b356af07df556c7cbb7093c8f8b18a"
        },
        {
          "type": "image",
          "assetId": "1jzrA1OdK",
          "checksum": "4d4f27dee175e14315c1fc3727eccee6"
        },
        {
          "type": "image",
          "assetId": "G-CVXlNGE",
          "checksum": "a8892ff24f662dc1087a9d0f40dfe681"
        },
        {
          "type": "image",
          "assetId": "ZhdHd5Ujf",
          "checksum": "125b9971ca5f88febd6a87fc98d44240"
        }
      ],
      "codegenVersion": "0.0.1"
    }
  ],
  "cliVersion": "0.1.184"
}
